// !$*UTF8*$!
{
	archiveVersion = 1;
	classes = {
	};
	objectVersion = 56;
	objects = {

/* Begin PBXBuildFile section */
		8609E2DE2AB327E800509EEE /* TranslateBlock.swift in Sources */ = {isa = PBXBuildFile; fileRef = 8609E2DD2AB327E800509EEE /* TranslateBlock.swift */; };
		8635F0DE2AA5246200418EA0 /* EasyLocalizeApp.swift in Sources */ = {isa = PBXBuildFile; fileRef = 8635F0DD2AA5246200418EA0 /* EasyLocalizeApp.swift */; };
		8635F0E02AA5246200418EA0 /* MainView.swift in Sources */ = {isa = PBXBuildFile; fileRef = 8635F0DF2AA5246200418EA0 /* MainView.swift */; };
		8635F0E22AA5246300418EA0 /* Assets.xcassets in Resources */ = {isa = PBXBuildFile; fileRef = 8635F0E12AA5246300418EA0 /* Assets.xcassets */; };
		8635F0E52AA5246300418EA0 /* Preview Assets.xcassets in Resources */ = {isa = PBXBuildFile; fileRef = 8635F0E42AA5246300418EA0 /* Preview Assets.xcassets */; };
		8635F0EE2AA5256A00418EA0 /* MainViewModel.swift in Sources */ = {isa = PBXBuildFile; fileRef = 8635F0ED2AA5256A00418EA0 /* MainViewModel.swift */; };
		8644D0CD2AD94D8A00066D49 /* AppError.swift in Sources */ = {isa = PBXBuildFile; fileRef = 8644D0CC2AD94D8A00066D49 /* AppError.swift */; };
		865D5CEC2B34574F0084AEE1 /* FeatureView.swift in Sources */ = {isa = PBXBuildFile; fileRef = 865D5CEB2B34574F0084AEE1 /* FeatureView.swift */; };
		865D5CEF2B3457590084AEE1 /* FeatureModel.swift in Sources */ = {isa = PBXBuildFile; fileRef = 865D5CEE2B3457590084AEE1 /* FeatureModel.swift */; };
		865D5CF12B3457830084AEE1 /* ProductView.swift in Sources */ = {isa = PBXBuildFile; fileRef = 865D5CF02B3457830084AEE1 /* ProductView.swift */; };
		866DFCF62AB2F1EF00362D43 /* Localizable.strings in Resources */ = {isa = PBXBuildFile; fileRef = 866DFCF82AB2F1EF00362D43 /* Localizable.strings */; };
		866DFD032AB2F49900362D43 /* LocalizedStrings.swift in Sources */ = {isa = PBXBuildFile; fileRef = 866DFD022AB2F49900362D43 /* LocalizedStrings.swift */; };
		869613F72B0E5834003B13B4 /* TransparentVisualEffect.swift in Sources */ = {isa = PBXBuildFile; fileRef = 869613F62B0E5834003B13B4 /* TransparentVisualEffect.swift */; };
		869CEE2A2AB24E7C00C84FE7 /* Config.swift in Sources */ = {isa = PBXBuildFile; fileRef = 869CEE292AB24E7C00C84FE7 /* Config.swift */; };
		869CEE2C2AB24EBA00C84FE7 /* NetworkingService.swift in Sources */ = {isa = PBXBuildFile; fileRef = 869CEE2B2AB24EBA00C84FE7 /* NetworkingService.swift */; };
		869CEE442AB254C500C84FE7 /* Networking in Frameworks */ = {isa = PBXBuildFile; productRef = 869CEE432AB254C500C84FE7 /* Networking */; };
		869CEE472AB2559C00C84FE7 /* SendMessageModel.swift in Sources */ = {isa = PBXBuildFile; fileRef = 869CEE462AB2559C00C84FE7 /* SendMessageModel.swift */; };
		86C0A65A2AB4464700F91FCC /* MainLocalizeView.swift in Sources */ = {isa = PBXBuildFile; fileRef = 86C0A6592AB4464700F91FCC /* MainLocalizeView.swift */; };
		86C0A65C2AB4477C00F91FCC /* ChoosePathBlock.swift in Sources */ = {isa = PBXBuildFile; fileRef = 86C0A65B2AB4477C00F91FCC /* ChoosePathBlock.swift */; };
		86C0A65E2AB4479100F91FCC /* TextWithLeadingAlignment.swift in Sources */ = {isa = PBXBuildFile; fileRef = 86C0A65D2AB4479100F91FCC /* TextWithLeadingAlignment.swift */; };
		86EA07262B3426E90050F41C /* PaywallScreen.swift in Sources */ = {isa = PBXBuildFile; fileRef = 86EA07252B3426E90050F41C /* PaywallScreen.swift */; };
		86EA072A2B34296F0050F41C /* PurchaseService.swift in Sources */ = {isa = PBXBuildFile; fileRef = 86EA07292B34296F0050F41C /* PurchaseService.swift */; };
		86EA07302B3442A10050F41C /* ViewExtension.swift in Sources */ = {isa = PBXBuildFile; fileRef = 86EA072F2B3442A10050F41C /* ViewExtension.swift */; };
		86EA07322B3447B10050F41C /* PaywallViewModel.swift in Sources */ = {isa = PBXBuildFile; fileRef = 86EA07312B3447B10050F41C /* PaywallViewModel.swift */; };
/* End PBXBuildFile section */

/* Begin PBXFileReference section */
		8609E2DD2AB327E800509EEE /* TranslateBlock.swift */ = {isa = PBXFileReference; lastKnownFileType = sourcecode.swift; path = TranslateBlock.swift; sourceTree = "<group>"; };
		8635F0DA2AA5246200418EA0 /* EasyLocalize.app */ = {isa = PBXFileReference; explicitFileType = wrapper.application; includeInIndex = 0; path = EasyLocalize.app; sourceTree = BUILT_PRODUCTS_DIR; };
		8635F0DD2AA5246200418EA0 /* EasyLocalizeApp.swift */ = {isa = PBXFileReference; lastKnownFileType = sourcecode.swift; path = EasyLocalizeApp.swift; sourceTree = "<group>"; };
		8635F0DF2AA5246200418EA0 /* MainView.swift */ = {isa = PBXFileReference; lastKnownFileType = sourcecode.swift; path = MainView.swift; sourceTree = "<group>"; };
		8635F0E12AA5246300418EA0 /* Assets.xcassets */ = {isa = PBXFileReference; lastKnownFileType = folder.assetcatalog; path = Assets.xcassets; sourceTree = "<group>"; };
		8635F0E42AA5246300418EA0 /* Preview Assets.xcassets */ = {isa = PBXFileReference; lastKnownFileType = folder.assetcatalog; path = "Preview Assets.xcassets"; sourceTree = "<group>"; };
		8635F0E62AA5246300418EA0 /* EasyLocalize.entitlements */ = {isa = PBXFileReference; lastKnownFileType = text.plist.entitlements; path = EasyLocalize.entitlements; sourceTree = "<group>"; };
		8635F0ED2AA5256A00418EA0 /* MainViewModel.swift */ = {isa = PBXFileReference; lastKnownFileType = sourcecode.swift; path = MainViewModel.swift; sourceTree = "<group>"; };
		8644D0CC2AD94D8A00066D49 /* AppError.swift */ = {isa = PBXFileReference; lastKnownFileType = sourcecode.swift; path = AppError.swift; sourceTree = "<group>"; };
		865D5CEB2B34574F0084AEE1 /* FeatureView.swift */ = {isa = PBXFileReference; lastKnownFileType = sourcecode.swift; path = FeatureView.swift; sourceTree = "<group>"; };
		865D5CEE2B3457590084AEE1 /* FeatureModel.swift */ = {isa = PBXFileReference; lastKnownFileType = sourcecode.swift; path = FeatureModel.swift; sourceTree = "<group>"; };
		865D5CF02B3457830084AEE1 /* ProductView.swift */ = {isa = PBXFileReference; lastKnownFileType = sourcecode.swift; path = ProductView.swift; sourceTree = "<group>"; };
		866DFCF72AB2F1EF00362D43 /* en */ = {isa = PBXFileReference; lastKnownFileType = text.plist.strings; name = en; path = en.lproj/Localizable.strings; sourceTree = "<group>"; };
		866DFCF92AB2F1F200362D43 /* zh-Hans */ = {isa = PBXFileReference; lastKnownFileType = text.plist.strings; name = "zh-Hans"; path = "zh-Hans.lproj/Localizable.strings"; sourceTree = "<group>"; };
		866DFCFA2AB2F1F300362D43 /* fr */ = {isa = PBXFileReference; lastKnownFileType = text.plist.strings; name = fr; path = fr.lproj/Localizable.strings; sourceTree = "<group>"; };
		866DFCFB2AB2F1F300362D43 /* ja */ = {isa = PBXFileReference; lastKnownFileType = text.plist.strings; name = ja; path = ja.lproj/Localizable.strings; sourceTree = "<group>"; };
		866DFCFC2AB2F1F400362D43 /* de */ = {isa = PBXFileReference; lastKnownFileType = text.plist.strings; name = de; path = de.lproj/Localizable.strings; sourceTree = "<group>"; };
		866DFCFD2AB2F1F500362D43 /* pt-BR */ = {isa = PBXFileReference; lastKnownFileType = text.plist.strings; name = "pt-BR"; path = "pt-BR.lproj/Localizable.strings"; sourceTree = "<group>"; };
		866DFCFE2AB2F1F500362D43 /* ru */ = {isa = PBXFileReference; lastKnownFileType = text.plist.strings; name = ru; path = ru.lproj/Localizable.strings; sourceTree = "<group>"; };
		866DFCFF2AB2F1F600362D43 /* sv */ = {isa = PBXFileReference; lastKnownFileType = text.plist.strings; name = sv; path = sv.lproj/Localizable.strings; sourceTree = "<group>"; };
		866DFD002AB2F1F800362D43 /* vi */ = {isa = PBXFileReference; lastKnownFileType = text.plist.strings; name = vi; path = vi.lproj/Localizable.strings; sourceTree = "<group>"; };
		866DFD012AB2F20500362D43 /* hi */ = {isa = PBXFileReference; lastKnownFileType = text.plist.strings; name = hi; path = hi.lproj/Localizable.strings; sourceTree = "<group>"; };
		866DFD022AB2F49900362D43 /* LocalizedStrings.swift */ = {isa = PBXFileReference; lastKnownFileType = sourcecode.swift; path = LocalizedStrings.swift; sourceTree = "<group>"; };
		869613F62B0E5834003B13B4 /* TransparentVisualEffect.swift */ = {isa = PBXFileReference; lastKnownFileType = sourcecode.swift; path = TransparentVisualEffect.swift; sourceTree = "<group>"; };
		869CEE292AB24E7C00C84FE7 /* Config.swift */ = {isa = PBXFileReference; lastKnownFileType = sourcecode.swift; path = Config.swift; sourceTree = "<group>"; };
		869CEE2B2AB24EBA00C84FE7 /* NetworkingService.swift */ = {isa = PBXFileReference; lastKnownFileType = sourcecode.swift; path = NetworkingService.swift; sourceTree = "<group>"; };
		869CEE422AB2545A00C84FE7 /* Networking */ = {isa = PBXFileReference; lastKnownFileType = wrapper; path = Networking; sourceTree = "<group>"; };
		869CEE462AB2559C00C84FE7 /* SendMessageModel.swift */ = {isa = PBXFileReference; lastKnownFileType = sourcecode.swift; path = SendMessageModel.swift; sourceTree = "<group>"; };
		86C0A6592AB4464700F91FCC /* MainLocalizeView.swift */ = {isa = PBXFileReference; lastKnownFileType = sourcecode.swift; path = MainLocalizeView.swift; sourceTree = "<group>"; };
		86C0A65B2AB4477C00F91FCC /* ChoosePathBlock.swift */ = {isa = PBXFileReference; lastKnownFileType = sourcecode.swift; path = ChoosePathBlock.swift; sourceTree = "<group>"; };
		86C0A65D2AB4479100F91FCC /* TextWithLeadingAlignment.swift */ = {isa = PBXFileReference; lastKnownFileType = sourcecode.swift; path = TextWithLeadingAlignment.swift; sourceTree = "<group>"; };
		86EA07252B3426E90050F41C /* PaywallScreen.swift */ = {isa = PBXFileReference; lastKnownFileType = sourcecode.swift; path = PaywallScreen.swift; sourceTree = "<group>"; };
		86EA07292B34296F0050F41C /* PurchaseService.swift */ = {isa = PBXFileReference; lastKnownFileType = sourcecode.swift; path = PurchaseService.swift; sourceTree = "<group>"; };
		86EA072B2B34336F0050F41C /* Subscriptions.storekit */ = {isa = PBXFileReference; lastKnownFileType = text; path = Subscriptions.storekit; sourceTree = "<group>"; };
		86EA072F2B3442A10050F41C /* ViewExtension.swift */ = {isa = PBXFileReference; lastKnownFileType = sourcecode.swift; path = ViewExtension.swift; sourceTree = "<group>"; };
		86EA07312B3447B10050F41C /* PaywallViewModel.swift */ = {isa = PBXFileReference; lastKnownFileType = sourcecode.swift; path = PaywallViewModel.swift; sourceTree = "<group>"; };
/* End PBXFileReference section */

/* Begin PBXFrameworksBuildPhase section */
		8635F0D72AA5246200418EA0 /* Frameworks */ = {
			isa = PBXFrameworksBuildPhase;
			buildActionMask = 2147483647;
			files = (
				869CEE442AB254C500C84FE7 /* Networking in Frameworks */,
			);
			runOnlyForDeploymentPostprocessing = 0;
		};
/* End PBXFrameworksBuildPhase section */

/* Begin PBXGroup section */
		8609E2D92AB3278A00509EEE /* UserInterface */ = {
			isa = PBXGroup;
			children = (
				86EA07242B3426DF0050F41C /* Paywall */,
				8635F0EC2AA5254300418EA0 /* Main */,
			);
			path = UserInterface;
			sourceTree = "<group>";
		};
		8609E2DA2AB327C700509EEE /* ViewModel */ = {
			isa = PBXGroup;
			children = (
				8635F0ED2AA5256A00418EA0 /* MainViewModel.swift */,
			);
			path = ViewModel;
			sourceTree = "<group>";
		};
		8609E2DB2AB327CC00509EEE /* Screen */ = {
			isa = PBXGroup;
			children = (
				8635F0DF2AA5246200418EA0 /* MainView.swift */,
			);
			path = Screen;
			sourceTree = "<group>";
		};
		8609E2DC2AB327E100509EEE /* View */ = {
			isa = PBXGroup;
			children = (
				8609E2DD2AB327E800509EEE /* TranslateBlock.swift */,
				86C0A6592AB4464700F91FCC /* MainLocalizeView.swift */,
				86C0A65B2AB4477C00F91FCC /* ChoosePathBlock.swift */,
				86C0A65D2AB4479100F91FCC /* TextWithLeadingAlignment.swift */,
				869613F62B0E5834003B13B4 /* TransparentVisualEffect.swift */,
			);
			path = View;
			sourceTree = "<group>";
		};
		8635F0D12AA5246200418EA0 = {
			isa = PBXGroup;
			children = (
				869CEE422AB2545A00C84FE7 /* Networking */,
				8635F0DC2AA5246200418EA0 /* EasyLocalize */,
				8635F0DB2AA5246200418EA0 /* Products */,
				869CEE372AB2538100C84FE7 /* Frameworks */,
			);
			sourceTree = "<group>";
		};
		8635F0DB2AA5246200418EA0 /* Products */ = {
			isa = PBXGroup;
			children = (
				8635F0DA2AA5246200418EA0 /* EasyLocalize.app */,
			);
			name = Products;
			sourceTree = "<group>";
		};
		8635F0DC2AA5246200418EA0 /* EasyLocalize */ = {
			isa = PBXGroup;
			children = (
				869CEE272AB24E5E00C84FE7 /* Core */,
				869CEE282AB24E6B00C84FE7 /* Constants */,
				869CEE2D2AB24EBF00C84FE7 /* Services */,
				869CEE452AB2558E00C84FE7 /* Models */,
				86EA072E2B34429A0050F41C /* Extensions */,
				8609E2D92AB3278A00509EEE /* UserInterface */,
				8635F0E32AA5246300418EA0 /* Preview Content */,
			);
			path = EasyLocalize;
			sourceTree = "<group>";
		};
		8635F0E32AA5246300418EA0 /* Preview Content */ = {
			isa = PBXGroup;
			children = (
				8635F0E42AA5246300418EA0 /* Preview Assets.xcassets */,
			);
			path = "Preview Content";
			sourceTree = "<group>";
		};
		8635F0EC2AA5254300418EA0 /* Main */ = {
			isa = PBXGroup;
			children = (
				8609E2DC2AB327E100509EEE /* View */,
				8609E2DB2AB327CC00509EEE /* Screen */,
				8609E2DA2AB327C700509EEE /* ViewModel */,
			);
			path = Main;
			sourceTree = "<group>";
		};
		865D5CE82B3457390084AEE1 /* Screen */ = {
			isa = PBXGroup;
			children = (
				86EA07252B3426E90050F41C /* PaywallScreen.swift */,
			);
			path = Screen;
			sourceTree = "<group>";
		};
		865D5CE92B34573D0084AEE1 /* View */ = {
			isa = PBXGroup;
			children = (
				865D5CEB2B34574F0084AEE1 /* FeatureView.swift */,
				865D5CF02B3457830084AEE1 /* ProductView.swift */,
			);
			path = View;
			sourceTree = "<group>";
		};
		865D5CEA2B3457410084AEE1 /* ViewModel */ = {
			isa = PBXGroup;
			children = (
				86EA07312B3447B10050F41C /* PaywallViewModel.swift */,
			);
			path = ViewModel;
			sourceTree = "<group>";
		};
		865D5CED2B3457510084AEE1 /* Model */ = {
			isa = PBXGroup;
			children = (
				865D5CEE2B3457590084AEE1 /* FeatureModel.swift */,
			);
			path = Model;
			sourceTree = "<group>";
		};
		869CEE272AB24E5E00C84FE7 /* Core */ = {
			isa = PBXGroup;
			children = (
				8635F0E62AA5246300418EA0 /* EasyLocalize.entitlements */,
				8635F0DD2AA5246200418EA0 /* EasyLocalizeApp.swift */,
				8635F0E12AA5246300418EA0 /* Assets.xcassets */,
				86EA072B2B34336F0050F41C /* Subscriptions.storekit */,
			);
			path = Core;
			sourceTree = "<group>";
		};
		869CEE282AB24E6B00C84FE7 /* Constants */ = {
			isa = PBXGroup;
			children = (
				869CEE292AB24E7C00C84FE7 /* Config.swift */,
				866DFCF82AB2F1EF00362D43 /* Localizable.strings */,
				866DFD022AB2F49900362D43 /* LocalizedStrings.swift */,
			);
			path = Constants;
			sourceTree = "<group>";
		};
		869CEE2D2AB24EBF00C84FE7 /* Services */ = {
			isa = PBXGroup;
			children = (
				86EA07282B3429670050F41C /* Purchase */,
				86EA07272B34295D0050F41C /* Networking */,
			);
			path = Services;
			sourceTree = "<group>";
		};
		869CEE372AB2538100C84FE7 /* Frameworks */ = {
			isa = PBXGroup;
			children = (
			);
			name = Frameworks;
			sourceTree = "<group>";
		};
		869CEE452AB2558E00C84FE7 /* Models */ = {
			isa = PBXGroup;
			children = (
				869CEE462AB2559C00C84FE7 /* SendMessageModel.swift */,
				8644D0CC2AD94D8A00066D49 /* AppError.swift */,
			);
			path = Models;
			sourceTree = "<group>";
		};
		86EA07242B3426DF0050F41C /* Paywall */ = {
			isa = PBXGroup;
			children = (
				865D5CED2B3457510084AEE1 /* Model */,
				865D5CEA2B3457410084AEE1 /* ViewModel */,
				865D5CE92B34573D0084AEE1 /* View */,
				865D5CE82B3457390084AEE1 /* Screen */,
			);
			path = Paywall;
			sourceTree = "<group>";
		};
		86EA07272B34295D0050F41C /* Networking */ = {
			isa = PBXGroup;
			children = (
				869CEE2B2AB24EBA00C84FE7 /* NetworkingService.swift */,
			);
			path = Networking;
			sourceTree = "<group>";
		};
		86EA07282B3429670050F41C /* Purchase */ = {
			isa = PBXGroup;
			children = (
				86EA07292B34296F0050F41C /* PurchaseService.swift */,
			);
			path = Purchase;
			sourceTree = "<group>";
		};
		86EA072E2B34429A0050F41C /* Extensions */ = {
			isa = PBXGroup;
			children = (
				86EA072F2B3442A10050F41C /* ViewExtension.swift */,
			);
			path = Extensions;
			sourceTree = "<group>";
		};
/* End PBXGroup section */

/* Begin PBXNativeTarget section */
		8635F0D92AA5246200418EA0 /* EasyLocalize */ = {
			isa = PBXNativeTarget;
			buildConfigurationList = 8635F0E92AA5246300418EA0 /* Build configuration list for PBXNativeTarget "EasyLocalize" */;
			buildPhases = (
				8635F0D62AA5246200418EA0 /* Sources */,
				8635F0D72AA5246200418EA0 /* Frameworks */,
				8635F0D82AA5246200418EA0 /* Resources */,
			);
			buildRules = (
			);
			dependencies = (
			);
			name = EasyLocalize;
			packageProductDependencies = (
				869CEE432AB254C500C84FE7 /* Networking */,
			);
			productName = EasyLocalize;
			productReference = 8635F0DA2AA5246200418EA0 /* EasyLocalize.app */;
			productType = "com.apple.product-type.application";
		};
/* End PBXNativeTarget section */

/* Begin PBXProject section */
		8635F0D22AA5246200418EA0 /* Project object */ = {
			isa = PBXProject;
			attributes = {
				BuildIndependentTargetsInParallel = 1;
				LastSwiftUpdateCheck = 1430;
				LastUpgradeCheck = 1430;
				TargetAttributes = {
					8635F0D92AA5246200418EA0 = {
						CreatedOnToolsVersion = 14.3.1;
					};
				};
			};
			buildConfigurationList = 8635F0D52AA5246200418EA0 /* Build configuration list for PBXProject "EasyLocalize" */;
			compatibilityVersion = "Xcode 14.0";
			developmentRegion = en;
			hasScannedForEncodings = 0;
			knownRegions = (
				en,
				Base,
				ru,
				"zh-Hans",
				de,
				fr,
				ja,
				sv,
				vi,
				"pt-BR",
				hi,
			);
			mainGroup = 8635F0D12AA5246200418EA0;
			packageReferences = (
			);
			productRefGroup = 8635F0DB2AA5246200418EA0 /* Products */;
			projectDirPath = "";
			projectRoot = "";
			targets = (
				8635F0D92AA5246200418EA0 /* EasyLocalize */,
			);
		};
/* End PBXProject section */

/* Begin PBXResourcesBuildPhase section */
		8635F0D82AA5246200418EA0 /* Resources */ = {
			isa = PBXResourcesBuildPhase;
			buildActionMask = 2147483647;
			files = (
				8635F0E52AA5246300418EA0 /* Preview Assets.xcassets in Resources */,
				866DFCF62AB2F1EF00362D43 /* Localizable.strings in Resources */,
				8635F0E22AA5246300418EA0 /* Assets.xcassets in Resources */,
			);
			runOnlyForDeploymentPostprocessing = 0;
		};
/* End PBXResourcesBuildPhase section */

/* Begin PBXSourcesBuildPhase section */
		8635F0D62AA5246200418EA0 /* Sources */ = {
			isa = PBXSourcesBuildPhase;
			buildActionMask = 2147483647;
			files = (
				865D5CF12B3457830084AEE1 /* ProductView.swift in Sources */,
				8609E2DE2AB327E800509EEE /* TranslateBlock.swift in Sources */,
				8635F0E02AA5246200418EA0 /* MainView.swift in Sources */,
				865D5CEF2B3457590084AEE1 /* FeatureModel.swift in Sources */,
				86EA07322B3447B10050F41C /* PaywallViewModel.swift in Sources */,
				86EA07262B3426E90050F41C /* PaywallScreen.swift in Sources */,
				86C0A65E2AB4479100F91FCC /* TextWithLeadingAlignment.swift in Sources */,
				869CEE2A2AB24E7C00C84FE7 /* Config.swift in Sources */,
				8644D0CD2AD94D8A00066D49 /* AppError.swift in Sources */,
				8635F0DE2AA5246200418EA0 /* EasyLocalizeApp.swift in Sources */,
				86C0A65A2AB4464700F91FCC /* MainLocalizeView.swift in Sources */,
				86EA072A2B34296F0050F41C /* PurchaseService.swift in Sources */,
				86C0A65C2AB4477C00F91FCC /* ChoosePathBlock.swift in Sources */,
				8635F0EE2AA5256A00418EA0 /* MainViewModel.swift in Sources */,
				866DFD032AB2F49900362D43 /* LocalizedStrings.swift in Sources */,
				869CEE2C2AB24EBA00C84FE7 /* NetworkingService.swift in Sources */,
				86EA07302B3442A10050F41C /* ViewExtension.swift in Sources */,
				865D5CEC2B34574F0084AEE1 /* FeatureView.swift in Sources */,
				869CEE472AB2559C00C84FE7 /* SendMessageModel.swift in Sources */,
				869613F72B0E5834003B13B4 /* TransparentVisualEffect.swift in Sources */,
			);
			runOnlyForDeploymentPostprocessing = 0;
		};
/* End PBXSourcesBuildPhase section */

/* Begin PBXVariantGroup section */
		866DFCF82AB2F1EF00362D43 /* Localizable.strings */ = {
			isa = PBXVariantGroup;
			children = (
				866DFCF72AB2F1EF00362D43 /* en */,
				866DFCF92AB2F1F200362D43 /* zh-Hans */,
				866DFCFA2AB2F1F300362D43 /* fr */,
				866DFCFB2AB2F1F300362D43 /* ja */,
				866DFCFC2AB2F1F400362D43 /* de */,
				866DFCFD2AB2F1F500362D43 /* pt-BR */,
				866DFCFE2AB2F1F500362D43 /* ru */,
				866DFCFF2AB2F1F600362D43 /* sv */,
				866DFD002AB2F1F800362D43 /* vi */,
				866DFD012AB2F20500362D43 /* hi */,
			);
			name = Localizable.strings;
			sourceTree = "<group>";
		};
/* End PBXVariantGroup section */

/* Begin XCBuildConfiguration section */
		8635F0E72AA5246300418EA0 /* Debug */ = {
			isa = XCBuildConfiguration;
			buildSettings = {
				ALWAYS_SEARCH_USER_PATHS = NO;
				CLANG_ANALYZER_NONNULL = YES;
				CLANG_ANALYZER_NUMBER_OBJECT_CONVERSION = YES_AGGRESSIVE;
				CLANG_CXX_LANGUAGE_STANDARD = "gnu++20";
				CLANG_ENABLE_MODULES = YES;
				CLANG_ENABLE_OBJC_ARC = YES;
				CLANG_ENABLE_OBJC_WEAK = YES;
				CLANG_WARN_BLOCK_CAPTURE_AUTORELEASING = YES;
				CLANG_WARN_BOOL_CONVERSION = YES;
				CLANG_WARN_COMMA = YES;
				CLANG_WARN_CONSTANT_CONVERSION = YES;
				CLANG_WARN_DEPRECATED_OBJC_IMPLEMENTATIONS = YES;
				CLANG_WARN_DIRECT_OBJC_ISA_USAGE = YES_ERROR;
				CLANG_WARN_DOCUMENTATION_COMMENTS = YES;
				CLANG_WARN_EMPTY_BODY = YES;
				CLANG_WARN_ENUM_CONVERSION = YES;
				CLANG_WARN_INFINITE_RECURSION = YES;
				CLANG_WARN_INT_CONVERSION = YES;
				CLANG_WARN_NON_LITERAL_NULL_CONVERSION = YES;
				CLANG_WARN_OBJC_IMPLICIT_RETAIN_SELF = YES;
				CLANG_WARN_OBJC_LITERAL_CONVERSION = YES;
				CLANG_WARN_OBJC_ROOT_CLASS = YES_ERROR;
				CLANG_WARN_QUOTED_INCLUDE_IN_FRAMEWORK_HEADER = YES;
				CLANG_WARN_RANGE_LOOP_ANALYSIS = YES;
				CLANG_WARN_STRICT_PROTOTYPES = YES;
				CLANG_WARN_SUSPICIOUS_MOVE = YES;
				CLANG_WARN_UNGUARDED_AVAILABILITY = YES_AGGRESSIVE;
				CLANG_WARN_UNREACHABLE_CODE = YES;
				CLANG_WARN__DUPLICATE_METHOD_MATCH = YES;
				COPY_PHASE_STRIP = NO;
				DEBUG_INFORMATION_FORMAT = dwarf;
				EMBED_ASSET_PACKS_IN_PRODUCT_BUNDLE = NO;
				ENABLE_STRICT_OBJC_MSGSEND = YES;
				ENABLE_TESTABILITY = YES;
				GCC_C_LANGUAGE_STANDARD = gnu11;
				GCC_DYNAMIC_NO_PIC = NO;
				GCC_NO_COMMON_BLOCKS = YES;
				GCC_OPTIMIZATION_LEVEL = 0;
				GCC_PREPROCESSOR_DEFINITIONS = (
					"DEBUG=1",
					"$(inherited)",
				);
				GCC_WARN_64_TO_32_BIT_CONVERSION = YES;
				GCC_WARN_ABOUT_RETURN_TYPE = YES_ERROR;
				GCC_WARN_UNDECLARED_SELECTOR = YES;
				GCC_WARN_UNINITIALIZED_AUTOS = YES_AGGRESSIVE;
				GCC_WARN_UNUSED_FUNCTION = YES;
				GCC_WARN_UNUSED_VARIABLE = YES;
				MACOSX_DEPLOYMENT_TARGET = 12.0;
				MTL_ENABLE_DEBUG_INFO = INCLUDE_SOURCE;
				MTL_FAST_MATH = YES;
				ONLY_ACTIVE_ARCH = YES;
				SDKROOT = macosx;
				SWIFT_ACTIVE_COMPILATION_CONDITIONS = DEBUG;
				SWIFT_OPTIMIZATION_LEVEL = "-Onone";
			};
			name = Debug;
		};
		8635F0E82AA5246300418EA0 /* Release */ = {
			isa = XCBuildConfiguration;
			buildSettings = {
				ALWAYS_SEARCH_USER_PATHS = NO;
				CLANG_ANALYZER_NONNULL = YES;
				CLANG_ANALYZER_NUMBER_OBJECT_CONVERSION = YES_AGGRESSIVE;
				CLANG_CXX_LANGUAGE_STANDARD = "gnu++20";
				CLANG_ENABLE_MODULES = YES;
				CLANG_ENABLE_OBJC_ARC = YES;
				CLANG_ENABLE_OBJC_WEAK = YES;
				CLANG_WARN_BLOCK_CAPTURE_AUTORELEASING = YES;
				CLANG_WARN_BOOL_CONVERSION = YES;
				CLANG_WARN_COMMA = YES;
				CLANG_WARN_CONSTANT_CONVERSION = YES;
				CLANG_WARN_DEPRECATED_OBJC_IMPLEMENTATIONS = YES;
				CLANG_WARN_DIRECT_OBJC_ISA_USAGE = YES_ERROR;
				CLANG_WARN_DOCUMENTATION_COMMENTS = YES;
				CLANG_WARN_EMPTY_BODY = YES;
				CLANG_WARN_ENUM_CONVERSION = YES;
				CLANG_WARN_INFINITE_RECURSION = YES;
				CLANG_WARN_INT_CONVERSION = YES;
				CLANG_WARN_NON_LITERAL_NULL_CONVERSION = YES;
				CLANG_WARN_OBJC_IMPLICIT_RETAIN_SELF = YES;
				CLANG_WARN_OBJC_LITERAL_CONVERSION = YES;
				CLANG_WARN_OBJC_ROOT_CLASS = YES_ERROR;
				CLANG_WARN_QUOTED_INCLUDE_IN_FRAMEWORK_HEADER = YES;
				CLANG_WARN_RANGE_LOOP_ANALYSIS = YES;
				CLANG_WARN_STRICT_PROTOTYPES = YES;
				CLANG_WARN_SUSPICIOUS_MOVE = YES;
				CLANG_WARN_UNGUARDED_AVAILABILITY = YES_AGGRESSIVE;
				CLANG_WARN_UNREACHABLE_CODE = YES;
				CLANG_WARN__DUPLICATE_METHOD_MATCH = YES;
				COPY_PHASE_STRIP = NO;
				DEBUG_INFORMATION_FORMAT = "dwarf-with-dsym";
				EMBED_ASSET_PACKS_IN_PRODUCT_BUNDLE = NO;
				ENABLE_NS_ASSERTIONS = NO;
				ENABLE_STRICT_OBJC_MSGSEND = YES;
				GCC_C_LANGUAGE_STANDARD = gnu11;
				GCC_NO_COMMON_BLOCKS = YES;
				GCC_WARN_64_TO_32_BIT_CONVERSION = YES;
				GCC_WARN_ABOUT_RETURN_TYPE = YES_ERROR;
				GCC_WARN_UNDECLARED_SELECTOR = YES;
				GCC_WARN_UNINITIALIZED_AUTOS = YES_AGGRESSIVE;
				GCC_WARN_UNUSED_FUNCTION = YES;
				GCC_WARN_UNUSED_VARIABLE = YES;
				MACOSX_DEPLOYMENT_TARGET = 12.0;
				MTL_ENABLE_DEBUG_INFO = NO;
				MTL_FAST_MATH = YES;
				SDKROOT = macosx;
				SWIFT_COMPILATION_MODE = wholemodule;
				SWIFT_OPTIMIZATION_LEVEL = "-O";
			};
			name = Release;
		};
		8635F0EA2AA5246300418EA0 /* Debug */ = {
			isa = XCBuildConfiguration;
			buildSettings = {
				ASSETCATALOG_COMPILER_APPICON_NAME = AppIcon;
				ASSETCATALOG_COMPILER_GLOBAL_ACCENT_COLOR_NAME = AccentColor;
				ASSETCATALOG_COMPILER_INCLUDE_ALL_APPICON_ASSETS = YES;
				CODE_SIGN_ENTITLEMENTS = EasyLocalize/Core/EasyLocalize.entitlements;
				CODE_SIGN_STYLE = Automatic;
				COMBINE_HIDPI_IMAGES = YES;
				CURRENT_PROJECT_VERSION = 1;
				DEVELOPMENT_ASSET_PATHS = "\"EasyLocalize/Preview Content\"";
				DEVELOPMENT_TEAM = 5HWZ52VHNS;
				EMBED_ASSET_PACKS_IN_PRODUCT_BUNDLE = NO;
				ENABLE_HARDENED_RUNTIME = YES;
				ENABLE_PREVIEWS = YES;
				GENERATE_INFOPLIST_FILE = YES;
				INFOPLIST_FILE = EasyLocalize/Info.plist;
				INFOPLIST_KEY_CFBundleDisplayName = EasyLocalize;
				INFOPLIST_KEY_LSApplicationCategoryType = "public.app-category.developer-tools";
				INFOPLIST_KEY_NSDocumentsFolderUsageDescription = "Мы хотим получить доступ к вашим файлам для редактирования";
				INFOPLIST_KEY_NSHumanReadableCopyright = "";
				LD_RUNPATH_SEARCH_PATHS = (
					"$(inherited)",
					"@executable_path/../Frameworks",
				);
				MACOSX_DEPLOYMENT_TARGET = 13.0;
				MARKETING_VERSION = 1.0;
				PRODUCT_BUNDLE_IDENTIFIER = WladuardoTeam.EasyLocalize;
				PRODUCT_NAME = "$(TARGET_NAME)";
				SWIFT_EMIT_LOC_STRINGS = YES;
				SWIFT_VERSION = 5.0;
			};
			name = Debug;
		};
		8635F0EB2AA5246300418EA0 /* Release */ = {
			isa = XCBuildConfiguration;
			buildSettings = {
				ASSETCATALOG_COMPILER_APPICON_NAME = AppIcon;
				ASSETCATALOG_COMPILER_GLOBAL_ACCENT_COLOR_NAME = AccentColor;
				ASSETCATALOG_COMPILER_INCLUDE_ALL_APPICON_ASSETS = YES;
				CODE_SIGN_ENTITLEMENTS = EasyLocalize/Core/EasyLocalize.entitlements;
				CODE_SIGN_STYLE = Automatic;
				COMBINE_HIDPI_IMAGES = YES;
				CURRENT_PROJECT_VERSION = 1;
				DEVELOPMENT_ASSET_PATHS = "\"EasyLocalize/Preview Content\"";
				DEVELOPMENT_TEAM = 5HWZ52VHNS;
				EMBED_ASSET_PACKS_IN_PRODUCT_BUNDLE = NO;
				ENABLE_HARDENED_RUNTIME = YES;
				ENABLE_PREVIEWS = YES;
				GENERATE_INFOPLIST_FILE = YES;
				INFOPLIST_FILE = EasyLocalize/Info.plist;
				INFOPLIST_KEY_CFBundleDisplayName = EasyLocalize;
				INFOPLIST_KEY_LSApplicationCategoryType = "public.app-category.developer-tools";
				INFOPLIST_KEY_NSDocumentsFolderUsageDescription = "Мы хотим получить доступ к вашим файлам для редактирования";
				INFOPLIST_KEY_NSHumanReadableCopyright = "";
				LD_RUNPATH_SEARCH_PATHS = (
					"$(inherited)",
					"@executable_path/../Frameworks",
				);
				MACOSX_DEPLOYMENT_TARGET = 13.0;
				MARKETING_VERSION = 1.0;
				PRODUCT_BUNDLE_IDENTIFIER = WladuardoTeam.EasyLocalize;
				PRODUCT_NAME = "$(TARGET_NAME)";
				SWIFT_EMIT_LOC_STRINGS = YES;
				SWIFT_VERSION = 5.0;
			};
			name = Release;
		};
/* End XCBuildConfiguration section */

/* Begin XCConfigurationList section */
		8635F0D52AA5246200418EA0 /* Build configuration list for PBXProject "EasyLocalize" */ = {
			isa = XCConfigurationList;
			buildConfigurations = (
				8635F0E72AA5246300418EA0 /* Debug */,
				8635F0E82AA5246300418EA0 /* Release */,
			);
			defaultConfigurationIsVisible = 0;
			defaultConfigurationName = Release;
		};
		8635F0E92AA5246300418EA0 /* Build configuration list for PBXNativeTarget "EasyLocalize" */ = {
			isa = XCConfigurationList;
			buildConfigurations = (
				8635F0EA2AA5246300418EA0 /* Debug */,
				8635F0EB2AA5246300418EA0 /* Release */,
			);
			defaultConfigurationIsVisible = 0;
			defaultConfigurationName = Release;
		};
/* End XCConfigurationList section */

/* Begin XCSwiftPackageProductDependency section */
		869CEE432AB254C500C84FE7 /* Networking */ = {
			isa = XCSwiftPackageProductDependency;
			productName = Networking;
		};
/* End XCSwiftPackageProductDependency section */
	};
	rootObject = 8635F0D22AA5246200418EA0 /* Project object */;
}
